
Microsoft Visual Studio Solution File, Format Version 11.00
# Visual Studio 2010
Project("{FAE04EC0-301F-11D3-BF4B-00C04F79EFBC}") = "GitHelloWorld", "GitHelloWorld\GitHelloWorld.csproj", "{66E502EF-A96D-4AD7-A0CE-6A6835A58AA7}"
EndProject
Global
	GlobalSection(SolutionConfigurationPlatforms) = preSolution
		Debug|x86 = Debug|x86
		Release|x86 = Release|x86
	EndGlobalSection
	GlobalSection(ProjectConfigurationPlatforms) = postSolution
		{66E502EF-A96D-4AD7-A0CE-6A6835A58AA7}.Debug|x86.ActiveCfg = Debug|x86
		{66E502EF-A96D-4AD7-A0CE-6A6835A58AA7}.Debug|x86.Build.0 = Debug|x86
		{66E502EF-A96D-4AD7-A0CE-6A6835A58AA7}.Release|x86.ActiveCfg = Release|x86
		{66E502EF-A96D-4AD7-A0CE-6A6835A58AA7}.Release|x86.Build.0 = Release|x86
	EndGlobalSection
	GlobalSection(SolutionProperties) = preSolution
		HideSolutionNode = FALSE
	EndGlobalSection
EndGlobal
